
Microsoft Visual Studio Solution File, Format Version 12.00
# Visual Studio Version 17
VisualStudioVersion = 17.2.32616.157
MinimumVisualStudioVersion = 10.0.40219.1
Project("{FAE04EC0-301F-11D3-BF4B-00C04F79EFBC}") = "ProyectoFederacion", "ProyectoFederacion\ProyectoFederacion.csproj", "{64BE6493-443C-44EE-B372-2C90CEFFEEE1}"
EndProject
Global
	GlobalSection(SolutionConfigurationPlatforms) = preSolution
		Debug|x86 = Debug|x86
		Release|x86 = Release|x86
	EndGlobalSection
	GlobalSection(ProjectConfigurationPlatforms) = postSolution
		{64BE6493-443C-44EE-B372-2C90CEFFEEE1}.Debug|x86.ActiveCfg = Debug|x86
		{64BE6493-443C-44EE-B372-2C90CEFFEEE1}.Debug|x86.Build.0 = Debug|x86
		{64BE6493-443C-44EE-B372-2C90CEFFEEE1}.Release|x86.ActiveCfg = Release|x86
		{64BE6493-443C-44EE-B372-2C90CEFFEEE1}.Release|x86.Build.0 = Release|x86
	EndGlobalSection
	GlobalSection(SolutionProperties) = preSolution
		HideSolutionNode = FALSE
	EndGlobalSection
	GlobalSection(ExtensibilityGlobals) = postSolution
		SolutionGuid = {38EA5149-DEA7-4540-AF6F-EE71A41DD1F5}
	EndGlobalSection
EndGlobal
